
Microsoft Visual Studio Solution File, Format Version 12.00
# Visual Studio 2017
Project("{FAE04EC0-301F-11D3-BF4B-00C04F79EFBC}") = "Hello_Alice_Features.Plugins", "Hello_Alice_Features.Plugins.csproj", "{007C9477-F749-9105-CF0A-CB61B87B79E8}"
EndProject
Project("{FAE04EC0-301F-11D3-BF4B-00C04F79EFBC}") = "Hello_Alice_Features", "Hello_Alice_Features.csproj", "{6568F31D-D08F-ACCE-8FD9-C24C2C06E8B9}"
EndProject
Project("{FAE04EC0-301F-11D3-BF4B-00C04F79EFBC}") = "Hello_Alice_Features.Editor.Plugins", "Hello_Alice_Features.Editor.Plugins.csproj", "{2DE11D82-DC9C-9105-03EB-7119F90F5F91}"
EndProject
Project("{FAE04EC0-301F-11D3-BF4B-00C04F79EFBC}") = "Hello_Alice_Features.Editor", "Hello_Alice_Features.Editor.csproj", "{2D2DF809-3276-76AB-7E73-3ED36D34D4FD}"
EndProject
Global
	GlobalSection(SolutionConfigurationPlatforms) = preSolution
		Debug|Any CPU = Debug|Any CPU
		Release|Any CPU = Release|Any CPU
	EndGlobalSection
	GlobalSection(ProjectConfigurationPlatforms) = postSolution
		{007C9477-F749-9105-CF0A-CB61B87B79E8}.Debug|Any CPU.ActiveCfg = Debug|Any CPU
		{007C9477-F749-9105-CF0A-CB61B87B79E8}.Debug|Any CPU.Build.0 = Debug|Any CPU
		{007C9477-F749-9105-CF0A-CB61B87B79E8}.Release|Any CPU.ActiveCfg = Release|Any CPU
		{007C9477-F749-9105-CF0A-CB61B87B79E8}.Release|Any CPU.Build.0 = Release|Any CPU
		{6568F31D-D08F-ACCE-8FD9-C24C2C06E8B9}.Debug|Any CPU.ActiveCfg = Debug|Any CPU
		{6568F31D-D08F-ACCE-8FD9-C24C2C06E8B9}.Debug|Any CPU.Build.0 = Debug|Any CPU
		{6568F31D-D08F-ACCE-8FD9-C24C2C06E8B9}.Release|Any CPU.ActiveCfg = Release|Any CPU
		{6568F31D-D08F-ACCE-8FD9-C24C2C06E8B9}.Release|Any CPU.Build.0 = Release|Any CPU
		{2DE11D82-DC9C-9105-03EB-7119F90F5F91}.Debug|Any CPU.ActiveCfg = Debug|Any CPU
		{2DE11D82-DC9C-9105-03EB-7119F90F5F91}.Debug|Any CPU.Build.0 = Debug|Any CPU
		{2DE11D82-DC9C-9105-03EB-7119F90F5F91}.Release|Any CPU.ActiveCfg = Release|Any CPU
		{2DE11D82-DC9C-9105-03EB-7119F90F5F91}.Release|Any CPU.Build.0 = Release|Any CPU
		{2D2DF809-3276-76AB-7E73-3ED36D34D4FD}.Debug|Any CPU.ActiveCfg = Debug|Any CPU
		{2D2DF809-3276-76AB-7E73-3ED36D34D4FD}.Debug|Any CPU.Build.0 = Debug|Any CPU
		{2D2DF809-3276-76AB-7E73-3ED36D34D4FD}.Release|Any CPU.ActiveCfg = Release|Any CPU
		{2D2DF809-3276-76AB-7E73-3ED36D34D4FD}.Release|Any CPU.Build.0 = Release|Any CPU
	EndGlobalSection
	GlobalSection(SolutionProperties) = preSolution
		HideSolutionNode = FALSE
	EndGlobalSection
EndGlobal
